# generated by rye
# use `rye lock` or `rye sync` to update this lockfile
#
# last locked with the following flags:
#   pre: false
#   features: []
#   all-features: false
#   with-sources: false

-e file:.
aiohttp==3.9.5
    # via instructor
aiosignal==1.3.1
    # via aiohttp
annotated-types==0.7.0
    # via pydantic
anthropic==0.31.0
    # via instruct-easy
anyio==4.4.0
    # via anthropic
    # via groq
    # via httpx
    # via openai
attrs==23.2.0
    # via aiohttp
certifi==2024.7.4
    # via httpcore
    # via httpx
    # via requests
charset-normalizer==3.3.2
    # via requests
click==8.1.7
    # via typer
distro==1.9.0
    # via anthropic
    # via groq
    # via openai
docstring-parser==0.16
    # via instructor
filelock==3.15.4
    # via huggingface-hub
frozenlist==1.4.1
    # via aiohttp
    # via aiosignal
fsspec==2024.6.1
    # via huggingface-hub
greenlet==3.0.3
    # via playwright
groq==0.9.0
    # via instruct-easy
h11==0.14.0
    # via httpcore
httpcore==1.0.5
    # via httpx
httpx==0.27.0
    # via anthropic
    # via groq
    # via instruct-easy-examples
    # via openai
huggingface-hub==0.23.4
    # via tokenizers
idna==3.7
    # via anyio
    # via httpx
    # via requests
    # via yarl
instruct-easy @ git+https://github.com/chiefkemist/instruct-easy@6463693211b639a7bec35538c0414a6911684669
    # via instruct-easy-examples
instructor==1.3.4
    # via instruct-easy
jiter==0.4.2
    # via anthropic
    # via instructor
markdown-it-py==3.0.0
    # via rich
mdurl==0.1.2
    # via markdown-it-py
multidict==6.0.5
    # via aiohttp
    # via yarl
openai==1.35.13
    # via instruct-easy
    # via instructor
packaging==24.1
    # via huggingface-hub
playwright==1.45.0
    # via instruct-easy-examples
pydantic==2.8.2
    # via anthropic
    # via groq
    # via instruct-easy
    # via instructor
    # via openai
pydantic-core==2.20.1
    # via instructor
    # via pydantic
pyee==11.1.0
    # via playwright
pygments==2.18.0
    # via rich
pyyaml==6.0.1
    # via huggingface-hub
pyzmq==26.0.3
    # via instruct-easy-examples
requests==2.32.3
    # via huggingface-hub
rich==13.7.1
    # via instruct-easy
    # via instruct-easy-examples
    # via instructor
    # via typer
ruff==0.5.1
shellingham==1.5.4
    # via typer
sniffio==1.3.1
    # via anthropic
    # via anyio
    # via groq
    # via httpx
    # via openai
tenacity==8.5.0
    # via instructor
tokenizers==0.19.1
    # via anthropic
tqdm==4.66.4
    # via huggingface-hub
    # via openai
typer==0.12.3
    # via instructor
typing-extensions==4.12.2
    # via anthropic
    # via groq
    # via huggingface-hub
    # via openai
    # via pydantic
    # via pydantic-core
    # via pyee
    # via typer
urllib3==2.2.2
    # via requests
yarl==1.9.4
    # via aiohttp
